// !$*UTF8*$!
{
	archiveVersion = 1;
	classes = {
	};
	objectVersion = 50;
	objects = {

/* Begin PBXBuildFile section */
		85EBA2AA23FB822B0078C8AE /* AppDelegate.m in Sources */ = {isa = PBXBuildFile; fileRef = 85EBA2A923FB822B0078C8AE /* AppDelegate.m */; };
		85EBA2AD23FB822B0078C8AE /* ViewController.m in Sources */ = {isa = PBXBuildFile; fileRef = 85EBA2AC23FB822B0078C8AE /* ViewController.m */; };
		85EBA2AF23FB822D0078C8AE /* Assets.xcassets in Resources */ = {isa = PBXBuildFile; fileRef = 85EBA2AE23FB822D0078C8AE /* Assets.xcassets */; };
		85EBA2B223FB822D0078C8AE /* Main.storyboard in Resources */ = {isa = PBXBuildFile; fileRef = 85EBA2B023FB822D0078C8AE /* Main.storyboard */; };
		85EBA2B523FB822D0078C8AE /* main.m in Sources */ = {isa = PBXBuildFile; fileRef = 85EBA2B423FB822D0078C8AE /* main.m */; };
		85F22D9123FB8990009CD0F3 /* MyWindoewController.m in Sources */ = {isa = PBXBuildFile; fileRef = 85F22D9023FB8990009CD0F3 /* MyWindoewController.m */; };
		85F22D9723FBAFE2009CD0F3 /* Localizable.strings in Resources */ = {isa = PBXBuildFile; fileRef = 85F22D9923FBAFE2009CD0F3 /* Localizable.strings */; };
/* End PBXBuildFile section */

/* Begin PBXFileReference section */
		85EBA2A523FB822B0078C8AE /* HelloToolber.app */ = {isa = PBXFileReference; explicitFileType = wrapper.application; includeInIndex = 0; path = HelloToolber.app; sourceTree = BUILT_PRODUCTS_DIR; };
		85EBA2A823FB822B0078C8AE /* AppDelegate.h */ = {isa = PBXFileReference; lastKnownFileType = sourcecode.c.h; path = AppDelegate.h; sourceTree = "<group>"; };
		85EBA2A923FB822B0078C8AE /* AppDelegate.m */ = {isa = PBXFileReference; lastKnownFileType = sourcecode.c.objc; path = AppDelegate.m; sourceTree = "<group>"; };
		85EBA2AB23FB822B0078C8AE /* ViewController.h */ = {isa = PBXFileReference; lastKnownFileType = sourcecode.c.h; path = ViewController.h; sourceTree = "<group>"; };
		85EBA2AC23FB822B0078C8AE /* ViewController.m */ = {isa = PBXFileReference; lastKnownFileType = sourcecode.c.objc; path = ViewController.m; sourceTree = "<group>"; };
		85EBA2AE23FB822D0078C8AE /* Assets.xcassets */ = {isa = PBXFileReference; lastKnownFileType = folder.assetcatalog; path = Assets.xcassets; sourceTree = "<group>"; };
		85EBA2B123FB822D0078C8AE /* Base */ = {isa = PBXFileReference; lastKnownFileType = file.storyboard; name = Base; path = Base.lproj/Main.storyboard; sourceTree = "<group>"; };
		85EBA2B323FB822D0078C8AE /* Info.plist */ = {isa = PBXFileReference; lastKnownFileType = text.plist.xml; path = Info.plist; sourceTree = "<group>"; };
		85EBA2B423FB822D0078C8AE /* main.m */ = {isa = PBXFileReference; lastKnownFileType = sourcecode.c.objc; path = main.m; sourceTree = "<group>"; };
		85EBA2B623FB822D0078C8AE /* HelloToolber.entitlements */ = {isa = PBXFileReference; lastKnownFileType = text.plist.entitlements; path = HelloToolber.entitlements; sourceTree = "<group>"; };
		85F22D8F23FB8990009CD0F3 /* MyWindoewController.h */ = {isa = PBXFileReference; lastKnownFileType = sourcecode.c.h; path = MyWindoewController.h; sourceTree = "<group>"; };
		85F22D9023FB8990009CD0F3 /* MyWindoewController.m */ = {isa = PBXFileReference; lastKnownFileType = sourcecode.c.objc; path = MyWindoewController.m; sourceTree = "<group>"; };
		85F22D9223FB9F56009CD0F3 /* zh-Hant */ = {isa = PBXFileReference; lastKnownFileType = text.plist.strings; name = "zh-Hant"; path = "zh-Hant.lproj/Main.strings"; sourceTree = "<group>"; };
		85F22D9823FBAFE2009CD0F3 /* zh-Hant */ = {isa = PBXFileReference; lastKnownFileType = text.plist.strings; name = "zh-Hant"; path = "zh-Hant.lproj/Localizable.strings"; sourceTree = "<group>"; };
		85F22D9A23FBAFFC009CD0F3 /* en */ = {isa = PBXFileReference; lastKnownFileType = text.plist.strings; name = en; path = en.lproj/Localizable.strings; sourceTree = "<group>"; };
/* End PBXFileReference section */

/* Begin PBXFrameworksBuildPhase section */
		85EBA2A223FB822B0078C8AE /* Frameworks */ = {
			isa = PBXFrameworksBuildPhase;
			buildActionMask = 2147483647;
			files = (
			);
			runOnlyForDeploymentPostprocessing = 0;
		};
/* End PBXFrameworksBuildPhase section */

/* Begin PBXGroup section */
		85EBA29C23FB822B0078C8AE = {
			isa = PBXGroup;
			children = (
				85EBA2A723FB822B0078C8AE /* HelloToolber */,
				85EBA2A623FB822B0078C8AE /* Products */,
			);
			sourceTree = "<group>";
		};
		85EBA2A623FB822B0078C8AE /* Products */ = {
			isa = PBXGroup;
			children = (
				85EBA2A523FB822B0078C8AE /* HelloToolber.app */,
			);
			name = Products;
			sourceTree = "<group>";
		};
		85EBA2A723FB822B0078C8AE /* HelloToolber */ = {
			isa = PBXGroup;
			children = (
				85EBA2A823FB822B0078C8AE /* AppDelegate.h */,
				85EBA2A923FB822B0078C8AE /* AppDelegate.m */,
				85EBA2AB23FB822B0078C8AE /* ViewController.h */,
				85EBA2AC23FB822B0078C8AE /* ViewController.m */,
				85F22D8F23FB8990009CD0F3 /* MyWindoewController.h */,
				85F22D9023FB8990009CD0F3 /* MyWindoewController.m */,
				85EBA2AE23FB822D0078C8AE /* Assets.xcassets */,
				85EBA2B023FB822D0078C8AE /* Main.storyboard */,
				85F22D9923FBAFE2009CD0F3 /* Localizable.strings */,
				85EBA2B323FB822D0078C8AE /* Info.plist */,
				85EBA2B423FB822D0078C8AE /* main.m */,
				85EBA2B623FB822D0078C8AE /* HelloToolber.entitlements */,
			);
			path = HelloToolber;
			sourceTree = "<group>";
		};
/* End PBXGroup section */

/* Begin PBXNativeTarget section */
		85EBA2A423FB822B0078C8AE /* HelloToolber */ = {
			isa = PBXNativeTarget;
			buildConfigurationList = 85EBA2B923FB822D0078C8AE /* Build configuration list for PBXNativeTarget "HelloToolber" */;
			buildPhases = (
				85EBA2A123FB822B0078C8AE /* Sources */,
				85EBA2A223FB822B0078C8AE /* Frameworks */,
				85EBA2A323FB822B0078C8AE /* Resources */,
			);
			buildRules = (
			);
			dependencies = (
			);
			name = HelloToolber;
			productName = HelloToolber;
			productReference = 85EBA2A523FB822B0078C8AE /* HelloToolber.app */;
			productType = "com.apple.product-type.application";
		};
/* End PBXNativeTarget section */

/* Begin PBXProject section */
		85EBA29D23FB822B0078C8AE /* Project object */ = {
			isa = PBXProject;
			attributes = {
				LastUpgradeCheck = 1130;
				ORGANIZATIONNAME = Bert.Wang;
				TargetAttributes = {
					85EBA2A423FB822B0078C8AE = {
						CreatedOnToolsVersion = 11.3.1;
					};
				};
			};
			buildConfigurationList = 85EBA2A023FB822B0078C8AE /* Build configuration list for PBXProject "HelloToolber" */;
			compatibilityVersion = "Xcode 9.3";
			developmentRegion = en;
			hasScannedForEncodings = 0;
			knownRegions = (
				en,
				Base,
				"zh-Hant",
			);
			mainGroup = 85EBA29C23FB822B0078C8AE;
			productRefGroup = 85EBA2A623FB822B0078C8AE /* Products */;
			projectDirPath = "";
			projectRoot = "";
			targets = (
				85EBA2A423FB822B0078C8AE /* HelloToolber */,
			);
		};
/* End PBXProject section */

/* Begin PBXResourcesBuildPhase section */
		85EBA2A323FB822B0078C8AE /* Resources */ = {
			isa = PBXResourcesBuildPhase;
			buildActionMask = 2147483647;
			files = (
				85EBA2AF23FB822D0078C8AE /* Assets.xcassets in Resources */,
				85F22D9723FBAFE2009CD0F3 /* Localizable.strings in Resources */,
				85EBA2B223FB822D0078C8AE /* Main.storyboard in Resources */,
			);
			runOnlyForDeploymentPostprocessing = 0;
		};
/* End PBXResourcesBuildPhase section */

/* Begin PBXSourcesBuildPhase section */
		85EBA2A123FB822B0078C8AE /* Sources */ = {
			isa = PBXSourcesBuildPhase;
			buildActionMask = 2147483647;
			files = (
				85EBA2AD23FB822B0078C8AE /* ViewController.m in Sources */,
				85EBA2B523FB822D0078C8AE /* main.m in Sources */,
				85EBA2AA23FB822B0078C8AE /* AppDelegate.m in Sources */,
				85F22D9123FB8990009CD0F3 /* MyWindoewController.m in Sources */,
			);
			runOnlyForDeploymentPostprocessing = 0;
		};
/* End PBXSourcesBuildPhase section */

/* Begin PBXVariantGroup section */
		85EBA2B023FB822D0078C8AE /* Main.storyboard */ = {
			isa = PBXVariantGroup;
			children = (
				85EBA2B123FB822D0078C8AE /* Base */,
				85F22D9223FB9F56009CD0F3 /* zh-Hant */,
			);
			name = Main.storyboard;
			sourceTree = "<group>";
		};
		85F22D9923FBAFE2009CD0F3 /* Localizable.strings */ = {
			isa = PBXVariantGroup;
			children = (
				85F22D9823FBAFE2009CD0F3 /* zh-Hant */,
				85F22D9A23FBAFFC009CD0F3 /* en */,
			);
			name = Localizable.strings;
			sourceTree = "<group>";
		};
/* End PBXVariantGroup section */

/* Begin XCBuildConfiguration section */
		85EBA2B723FB822D0078C8AE /* Debug */ = {
			isa = XCBuildConfiguration;
			buildSettings = {
				ALWAYS_SEARCH_USER_PATHS = NO;
				CLANG_ANALYZER_LOCALIZABILITY_NONLOCALIZED = YES;
				CLANG_ANALYZER_NONNULL = YES;
				CLANG_ANALYZER_NUMBER_OBJECT_CONVERSION = YES_AGGRESSIVE;
				CLANG_CXX_LANGUAGE_STANDARD = "gnu++14";
				CLANG_CXX_LIBRARY = "libc++";
				CLANG_ENABLE_MODULES = YES;
				CLANG_ENABLE_OBJC_ARC = YES;
				CLANG_ENABLE_OBJC_WEAK = YES;
				CLANG_WARN_BLOCK_CAPTURE_AUTORELEASING = YES;
				CLANG_WARN_BOOL_CONVERSION = YES;
				CLANG_WARN_COMMA = YES;
				CLANG_WARN_CONSTANT_CONVERSION = YES;
				CLANG_WARN_DEPRECATED_OBJC_IMPLEMENTATIONS = YES;
				CLANG_WARN_DIRECT_OBJC_ISA_USAGE = YES_ERROR;
				CLANG_WARN_DOCUMENTATION_COMMENTS = YES;
				CLANG_WARN_EMPTY_BODY = YES;
				CLANG_WARN_ENUM_CONVERSION = YES;
				CLANG_WARN_INFINITE_RECURSION = YES;
				CLANG_WARN_INT_CONVERSION = YES;
				CLANG_WARN_NON_LITERAL_NULL_CONVERSION = YES;
				CLANG_WARN_OBJC_IMPLICIT_RETAIN_SELF = YES;
				CLANG_WARN_OBJC_LITERAL_CONVERSION = YES;
				CLANG_WARN_OBJC_ROOT_CLASS = YES_ERROR;
				CLANG_WARN_RANGE_LOOP_ANALYSIS = YES;
				CLANG_WARN_STRICT_PROTOTYPES = YES;
				CLANG_WARN_SUSPICIOUS_MOVE = YES;
				CLANG_WARN_UNGUARDED_AVAILABILITY = YES_AGGRESSIVE;
				CLANG_WARN_UNREACHABLE_CODE = YES;
				CLANG_WARN__DUPLICATE_METHOD_MATCH = YES;
				COPY_PHASE_STRIP = NO;
				DEBUG_INFORMATION_FORMAT = dwarf;
				ENABLE_STRICT_OBJC_MSGSEND = YES;
				ENABLE_TESTABILITY = YES;
				GCC_C_LANGUAGE_STANDARD = gnu11;
				GCC_DYNAMIC_NO_PIC = NO;
				GCC_NO_COMMON_BLOCKS = YES;
				GCC_OPTIMIZATION_LEVEL = 0;
				GCC_PREPROCESSOR_DEFINITIONS = (
					"DEBUG=1",
					"$(inherited)",
				);
				GCC_WARN_64_TO_32_BIT_CONVERSION = YES;
				GCC_WARN_ABOUT_RETURN_TYPE = YES_ERROR;
				GCC_WARN_UNDECLARED_SELECTOR = YES;
				GCC_WARN_UNINITIALIZED_AUTOS = YES_AGGRESSIVE;
				GCC_WARN_UNUSED_FUNCTION = YES;
				GCC_WARN_UNUSED_VARIABLE = YES;
				MACOSX_DEPLOYMENT_TARGET = 10.14;
				MTL_ENABLE_DEBUG_INFO = INCLUDE_SOURCE;
				MTL_FAST_MATH = YES;
				ONLY_ACTIVE_ARCH = YES;
				SDKROOT = macosx;
			};
			name = Debug;
		};
		85EBA2B823FB822D0078C8AE /* Release */ = {
			isa = XCBuildConfiguration;
			buildSettings = {
				ALWAYS_SEARCH_USER_PATHS = NO;
				CLANG_ANALYZER_LOCALIZABILITY_NONLOCALIZED = YES;
				CLANG_ANALYZER_NONNULL = YES;
				CLANG_ANALYZER_NUMBER_OBJECT_CONVERSION = YES_AGGRESSIVE;
				CLANG_CXX_LANGUAGE_STANDARD = "gnu++14";
				CLANG_CXX_LIBRARY = "libc++";
				CLANG_ENABLE_MODULES = YES;
				CLANG_ENABLE_OBJC_ARC = YES;
				CLANG_ENABLE_OBJC_WEAK = YES;
				CLANG_WARN_BLOCK_CAPTURE_AUTORELEASING = YES;
				CLANG_WARN_BOOL_CONVERSION = YES;
				CLANG_WARN_COMMA = YES;
				CLANG_WARN_CONSTANT_CONVERSION = YES;
				CLANG_WARN_DEPRECATED_OBJC_IMPLEMENTATIONS = YES;
				CLANG_WARN_DIRECT_OBJC_ISA_USAGE = YES_ERROR;
				CLANG_WARN_DOCUMENTATION_COMMENTS = YES;
				CLANG_WARN_EMPTY_BODY = YES;
				CLANG_WARN_ENUM_CONVERSION = YES;
				CLANG_WARN_INFINITE_RECURSION = YES;
				CLANG_WARN_INT_CONVERSION = YES;
				CLANG_WARN_NON_LITERAL_NULL_CONVERSION = YES;
				CLANG_WARN_OBJC_IMPLICIT_RETAIN_SELF = YES;
				CLANG_WARN_OBJC_LITERAL_CONVERSION = YES;
				CLANG_WARN_OBJC_ROOT_CLASS = YES_ERROR;
				CLANG_WARN_RANGE_LOOP_ANALYSIS = YES;
				CLANG_WARN_STRICT_PROTOTYPES = YES;
				CLANG_WARN_SUSPICIOUS_MOVE = YES;
				CLANG_WARN_UNGUARDED_AVAILABILITY = YES_AGGRESSIVE;
				CLANG_WARN_UNREACHABLE_CODE = YES;
				CLANG_WARN__DUPLICATE_METHOD_MATCH = YES;
				COPY_PHASE_STRIP = NO;
				DEBUG_INFORMATION_FORMAT = "dwarf-with-dsym";
				ENABLE_NS_ASSERTIONS = NO;
				ENABLE_STRICT_OBJC_MSGSEND = YES;
				GCC_C_LANGUAGE_STANDARD = gnu11;
				GCC_NO_COMMON_BLOCKS = YES;
				GCC_WARN_64_TO_32_BIT_CONVERSION = YES;
				GCC_WARN_ABOUT_RETURN_TYPE = YES_ERROR;
				GCC_WARN_UNDECLARED_SELECTOR = YES;
				GCC_WARN_UNINITIALIZED_AUTOS = YES_AGGRESSIVE;
				GCC_WARN_UNUSED_FUNCTION = YES;
				GCC_WARN_UNUSED_VARIABLE = YES;
				MACOSX_DEPLOYMENT_TARGET = 10.14;
				MTL_ENABLE_DEBUG_INFO = NO;
				MTL_FAST_MATH = YES;
				SDKROOT = macosx;
			};
			name = Release;
		};
		85EBA2BA23FB822D0078C8AE /* Debug */ = {
			isa = XCBuildConfiguration;
			buildSettings = {
				ASSETCATALOG_COMPILER_APPICON_NAME = AppIcon;
				CODE_SIGN_ENTITLEMENTS = HelloToolber/HelloToolber.entitlements;
				CODE_SIGN_STYLE = Automatic;
				COMBINE_HIDPI_IMAGES = YES;
				DEVELOPMENT_TEAM = RY4NEGW9J4;
				ENABLE_HARDENED_RUNTIME = YES;
				INFOPLIST_FILE = HelloToolber/Info.plist;
				LD_RUNPATH_SEARCH_PATHS = (
					"$(inherited)",
					"@executable_path/../Frameworks",
				);
				PRODUCT_BUNDLE_IDENTIFIER = wang.bert.HelloToolber;
				PRODUCT_NAME = "$(TARGET_NAME)";
			};
			name = Debug;
		};
		85EBA2BB23FB822D0078C8AE /* Release */ = {
			isa = XCBuildConfiguration;
			buildSettings = {
				ASSETCATALOG_COMPILER_APPICON_NAME = AppIcon;
				CODE_SIGN_ENTITLEMENTS = HelloToolber/HelloToolber.entitlements;
				CODE_SIGN_STYLE = Automatic;
				COMBINE_HIDPI_IMAGES = YES;
				DEVELOPMENT_TEAM = RY4NEGW9J4;
				ENABLE_HARDENED_RUNTIME = YES;
				INFOPLIST_FILE = HelloToolber/Info.plist;
				LD_RUNPATH_SEARCH_PATHS = (
					"$(inherited)",
					"@executable_path/../Frameworks",
				);
				PRODUCT_BUNDLE_IDENTIFIER = wang.bert.HelloToolber;
				PRODUCT_NAME = "$(TARGET_NAME)";
			};
			name = Release;
		};
/* End XCBuildConfiguration section */

/* Begin XCConfigurationList section */
		85EBA2A023FB822B0078C8AE /* Build configuration list for PBXProject "HelloToolber" */ = {
			isa = XCConfigurationList;
			buildConfigurations = (
				85EBA2B723FB822D0078C8AE /* Debug */,
				85EBA2B823FB822D0078C8AE /* Release */,
			);
			defaultConfigurationIsVisible = 0;
			defaultConfigurationName = Release;
		};
		85EBA2B923FB822D0078C8AE /* Build configuration list for PBXNativeTarget "HelloToolber" */ = {
			isa = XCConfigurationList;
			buildConfigurations = (
				85EBA2BA23FB822D0078C8AE /* Debug */,
				85EBA2BB23FB822D0078C8AE /* Release */,
			);
			defaultConfigurationIsVisible = 0;
			defaultConfigurationName = Release;
		};
/* End XCConfigurationList section */
	};
	rootObject = 85EBA29D23FB822B0078C8AE /* Project object */;
}
